
Microsoft Visual Studio Solution File, Format Version 12.00
# Visual Studio Version 17
VisualStudioVersion = 17.4.33213.308
MinimumVisualStudioVersion = 10.0.40219.1
Project("{FAE04EC0-301F-11D3-BF4B-00C04F79EFBC}") = "MeterReadingProject", "MeterReadingProject\MeterReadingProject.csproj", "{0D0888FE-69A3-468D-8D8F-E498C7C02DFE}"
EndProject
Global
	GlobalSection(SolutionConfigurationPlatforms) = preSolution
		Debug|Any CPU = Debug|Any CPU
		Release|Any CPU = Release|Any CPU
	EndGlobalSection
	GlobalSection(ProjectConfigurationPlatforms) = postSolution
		{0D0888FE-69A3-468D-8D8F-E498C7C02DFE}.Debug|Any CPU.ActiveCfg = Debug|Any CPU
		{0D0888FE-69A3-468D-8D8F-E498C7C02DFE}.Debug|Any CPU.Build.0 = Debug|Any CPU
		{0D0888FE-69A3-468D-8D8F-E498C7C02DFE}.Release|Any CPU.ActiveCfg = Release|Any CPU
		{0D0888FE-69A3-468D-8D8F-E498C7C02DFE}.Release|Any CPU.Build.0 = Release|Any CPU
	EndGlobalSection
	GlobalSection(SolutionProperties) = preSolution
		HideSolutionNode = FALSE
	EndGlobalSection
	GlobalSection(ExtensibilityGlobals) = postSolution
		SolutionGuid = {F40588B0-6482-401C-98F1-9C1F021A3A9C}
	EndGlobalSection
EndGlobal
